<Solution>
  <Folder Name="/Solution Items/">
    <File Path="docker-compose.yml" />
  </Folder>
  <Project Path="Corebank.API/Corebank.API.csproj" />
  <Project Path="Corebank.Application/Corebank.Application.csproj" />
  <Project Path="Corebank.Domain.Tests/Corebank.Domain.Tests.csproj" />
  <Project Path="Corebank.Domain/Corebank.Domain.csproj" />
  <Project Path="Corebank.Infrastructure/Corebank.Infrastructure.csproj" />
</Solution>
